// !$*UTF8*$!
{
	archiveVersion = 1;
	classes = {
	};
	objectVersion = 46;
	objects = {

/* Begin PBXBuildFile section */
		D28232751C16E9D30003DBA1 /* assets in Resources */ = {isa = PBXBuildFile; fileRef = D28232711C16E9D30003DBA1 /* assets */; };
		D28232761C16E9D30003DBA1 /* bower_components in Resources */ = {isa = PBXBuildFile; fileRef = D28232721C16E9D30003DBA1 /* bower_components */; };
		D28232771C16E9D30003DBA1 /* index.html in Resources */ = {isa = PBXBuildFile; fileRef = D28232731C16E9D30003DBA1 /* index.html */; };
		D28232781C16E9D30003DBA1 /* index.js in Resources */ = {isa = PBXBuildFile; fileRef = D28232741C16E9D30003DBA1 /* index.js */; };
		D9F4BB541C0DFC8F00ADA3F4 /* AppDelegate.swift in Sources */ = {isa = PBXBuildFile; fileRef = D9F4BB531C0DFC8F00ADA3F4 /* AppDelegate.swift */; };
		D9F4BB561C0DFC8F00ADA3F4 /* ViewController.swift in Sources */ = {isa = PBXBuildFile; fileRef = D9F4BB551C0DFC8F00ADA3F4 /* ViewController.swift */; };
		D9F4BB591C0DFC8F00ADA3F4 /* Main.storyboard in Resources */ = {isa = PBXBuildFile; fileRef = D9F4BB571C0DFC8F00ADA3F4 /* Main.storyboard */; };
		D9F4BB5B1C0DFC8F00ADA3F4 /* Images.xcassets in Resources */ = {isa = PBXBuildFile; fileRef = D9F4BB5A1C0DFC8F00ADA3F4 /* Images.xcassets */; };
		D9F4BB5E1C0DFC8F00ADA3F4 /* LaunchScreen.xib in Resources */ = {isa = PBXBuildFile; fileRef = D9F4BB5C1C0DFC8F00ADA3F4 /* LaunchScreen.xib */; };
		D9F4BB6A1C0DFC8F00ADA3F4 /* game_circleTests.swift in Sources */ = {isa = PBXBuildFile; fileRef = D9F4BB691C0DFC8F00ADA3F4 /* game_circleTests.swift */; };
/* End PBXBuildFile section */

/* Begin PBXContainerItemProxy section */
		D9F4BB641C0DFC8F00ADA3F4 /* PBXContainerItemProxy */ = {
			isa = PBXContainerItemProxy;
			containerPortal = D9F4BB461C0DFC8F00ADA3F4 /* Project object */;
			proxyType = 1;
			remoteGlobalIDString = D9F4BB4D1C0DFC8F00ADA3F4;
			remoteInfo = "game-circle";
		};
/* End PBXContainerItemProxy section */

/* Begin PBXFileReference section */
		D28232711C16E9D30003DBA1 /* assets */ = {isa = PBXFileReference; lastKnownFileType = folder; name = assets; path = ../../assets; sourceTree = "<group>"; };
		D28232721C16E9D30003DBA1 /* bower_components */ = {isa = PBXFileReference; lastKnownFileType = folder; name = bower_components; path = ../../bower_components; sourceTree = "<group>"; };
		D28232731C16E9D30003DBA1 /* index.html */ = {isa = PBXFileReference; fileEncoding = 4; lastKnownFileType = text.html; name = index.html; path = ../../index.html; sourceTree = "<group>"; };
		D28232741C16E9D30003DBA1 /* index.js */ = {isa = PBXFileReference; fileEncoding = 4; lastKnownFileType = sourcecode.javascript; name = index.js; path = ../../index.js; sourceTree = "<group>"; };
		D9F4BB4E1C0DFC8F00ADA3F4 /* Circle.app */ = {isa = PBXFileReference; explicitFileType = wrapper.application; includeInIndex = 0; path = Circle.app; sourceTree = BUILT_PRODUCTS_DIR; };
		D9F4BB521C0DFC8F00ADA3F4 /* Info.plist */ = {isa = PBXFileReference; lastKnownFileType = text.plist.xml; path = Info.plist; sourceTree = "<group>"; };
		D9F4BB531C0DFC8F00ADA3F4 /* AppDelegate.swift */ = {isa = PBXFileReference; lastKnownFileType = sourcecode.swift; path = AppDelegate.swift; sourceTree = "<group>"; };
		D9F4BB551C0DFC8F00ADA3F4 /* ViewController.swift */ = {isa = PBXFileReference; lastKnownFileType = sourcecode.swift; path = ViewController.swift; sourceTree = "<group>"; };
		D9F4BB581C0DFC8F00ADA3F4 /* Base */ = {isa = PBXFileReference; lastKnownFileType = file.storyboard; name = Base; path = Base.lproj/Main.storyboard; sourceTree = "<group>"; };
		D9F4BB5A1C0DFC8F00ADA3F4 /* Images.xcassets */ = {isa = PBXFileReference; lastKnownFileType = folder.assetcatalog; path = Images.xcassets; sourceTree = "<group>"; };
		D9F4BB5D1C0DFC8F00ADA3F4 /* Base */ = {isa = PBXFileReference; lastKnownFileType = file.xib; name = Base; path = Base.lproj/LaunchScreen.xib; sourceTree = "<group>"; };
		D9F4BB631C0DFC8F00ADA3F4 /* Circle.xctest */ = {isa = PBXFileReference; explicitFileType = wrapper.cfbundle; includeInIndex = 0; path = Circle.xctest; sourceTree = BUILT_PRODUCTS_DIR; };
		D9F4BB681C0DFC8F00ADA3F4 /* Info.plist */ = {isa = PBXFileReference; lastKnownFileType = text.plist.xml; path = Info.plist; sourceTree = "<group>"; };
		D9F4BB691C0DFC8F00ADA3F4 /* game_circleTests.swift */ = {isa = PBXFileReference; lastKnownFileType = sourcecode.swift; path = game_circleTests.swift; sourceTree = "<group>"; };
/* End PBXFileReference section */

/* Begin PBXFrameworksBuildPhase section */
		D9F4BB4B1C0DFC8F00ADA3F4 /* Frameworks */ = {
			isa = PBXFrameworksBuildPhase;
			buildActionMask = 2147483647;
			files = (
			);
			runOnlyForDeploymentPostprocessing = 0;
		};
		D9F4BB601C0DFC8F00ADA3F4 /* Frameworks */ = {
			isa = PBXFrameworksBuildPhase;
			buildActionMask = 2147483647;
			files = (
			);
			runOnlyForDeploymentPostprocessing = 0;
		};
/* End PBXFrameworksBuildPhase section */

/* Begin PBXGroup section */
		D9F4BB451C0DFC8F00ADA3F4 = {
			isa = PBXGroup;
			children = (
				D9F4BB501C0DFC8F00ADA3F4 /* game-circle */,
				D9F4BB661C0DFC8F00ADA3F4 /* game-circleTests */,
				D9F4BB4F1C0DFC8F00ADA3F4 /* Products */,
			);
			sourceTree = "<group>";
		};
		D9F4BB4F1C0DFC8F00ADA3F4 /* Products */ = {
			isa = PBXGroup;
			children = (
				D9F4BB4E1C0DFC8F00ADA3F4 /* Circle.app */,
				D9F4BB631C0DFC8F00ADA3F4 /* Circle.xctest */,
			);
			name = Products;
			sourceTree = "<group>";
		};
		D9F4BB501C0DFC8F00ADA3F4 /* game-circle */ = {
			isa = PBXGroup;
			children = (
				D9F4BB751C0DFFE700ADA3F4 /* resources */,
				D9F4BB531C0DFC8F00ADA3F4 /* AppDelegate.swift */,
				D9F4BB551C0DFC8F00ADA3F4 /* ViewController.swift */,
				D9F4BB571C0DFC8F00ADA3F4 /* Main.storyboard */,
				D9F4BB5A1C0DFC8F00ADA3F4 /* Images.xcassets */,
				D9F4BB5C1C0DFC8F00ADA3F4 /* LaunchScreen.xib */,
				D9F4BB511C0DFC8F00ADA3F4 /* Supporting Files */,
			);
			path = "game-circle";
			sourceTree = "<group>";
		};
		D9F4BB511C0DFC8F00ADA3F4 /* Supporting Files */ = {
			isa = PBXGroup;
			children = (
				D9F4BB521C0DFC8F00ADA3F4 /* Info.plist */,
			);
			name = "Supporting Files";
			sourceTree = "<group>";
		};
		D9F4BB661C0DFC8F00ADA3F4 /* game-circleTests */ = {
			isa = PBXGroup;
			children = (
				D9F4BB691C0DFC8F00ADA3F4 /* game_circleTests.swift */,
				D9F4BB671C0DFC8F00ADA3F4 /* Supporting Files */,
			);
			path = "game-circleTests";
			sourceTree = "<group>";
		};
		D9F4BB671C0DFC8F00ADA3F4 /* Supporting Files */ = {
			isa = PBXGroup;
			children = (
				D9F4BB681C0DFC8F00ADA3F4 /* Info.plist */,
			);
			name = "Supporting Files";
			sourceTree = "<group>";
		};
		D9F4BB751C0DFFE700ADA3F4 /* resources */ = {
			isa = PBXGroup;
			children = (
				D28232711C16E9D30003DBA1 /* assets */,
				D28232721C16E9D30003DBA1 /* bower_components */,
				D28232731C16E9D30003DBA1 /* index.html */,
				D28232741C16E9D30003DBA1 /* index.js */,
			);
			name = resources;
			sourceTree = "<group>";
		};
/* End PBXGroup section */

/* Begin PBXNativeTarget section */
		D9F4BB4D1C0DFC8F00ADA3F4 /* Circle */ = {
			isa = PBXNativeTarget;
			buildConfigurationList = D9F4BB6D1C0DFC8F00ADA3F4 /* Build configuration list for PBXNativeTarget "Circle" */;
			buildPhases = (
				D9F4BB4A1C0DFC8F00ADA3F4 /* Sources */,
				D9F4BB4B1C0DFC8F00ADA3F4 /* Frameworks */,
				D9F4BB4C1C0DFC8F00ADA3F4 /* Resources */,
			);
			buildRules = (
			);
			dependencies = (
			);
			name = Circle;
			productName = "game-circle";
			productReference = D9F4BB4E1C0DFC8F00ADA3F4 /* Circle.app */;
			productType = "com.apple.product-type.application";
		};
		D9F4BB621C0DFC8F00ADA3F4 /* CircleTests */ = {
			isa = PBXNativeTarget;
			buildConfigurationList = D9F4BB701C0DFC8F00ADA3F4 /* Build configuration list for PBXNativeTarget "CircleTests" */;
			buildPhases = (
				D9F4BB5F1C0DFC8F00ADA3F4 /* Sources */,
				D9F4BB601C0DFC8F00ADA3F4 /* Frameworks */,
				D9F4BB611C0DFC8F00ADA3F4 /* Resources */,
			);
			buildRules = (
			);
			dependencies = (
				D9F4BB651C0DFC8F00ADA3F4 /* PBXTargetDependency */,
			);
			name = CircleTests;
			productName = "game-circleTests";
			productReference = D9F4BB631C0DFC8F00ADA3F4 /* Circle.xctest */;
			productType = "com.apple.product-type.bundle.unit-test";
		};
/* End PBXNativeTarget section */

/* Begin PBXProject section */
		D9F4BB461C0DFC8F00ADA3F4 /* Project object */ = {
			isa = PBXProject;
			attributes = {
				LastUpgradeCheck = 0640;
				ORGANIZATIONNAME = Inlife;
				TargetAttributes = {
					D9F4BB4D1C0DFC8F00ADA3F4 = {
						CreatedOnToolsVersion = 6.4;
						DevelopmentTeam = J556EQV2DN;
					};
					D9F4BB621C0DFC8F00ADA3F4 = {
						CreatedOnToolsVersion = 6.4;
						TestTargetID = D9F4BB4D1C0DFC8F00ADA3F4;
					};
				};
			};
			buildConfigurationList = D9F4BB491C0DFC8F00ADA3F4 /* Build configuration list for PBXProject "Circle" */;
			compatibilityVersion = "Xcode 3.2";
			developmentRegion = English;
			hasScannedForEncodings = 0;
			knownRegions = (
				en,
				Base,
			);
			mainGroup = D9F4BB451C0DFC8F00ADA3F4;
			productRefGroup = D9F4BB4F1C0DFC8F00ADA3F4 /* Products */;
			projectDirPath = "";
			projectRoot = "";
			targets = (
				D9F4BB4D1C0DFC8F00ADA3F4 /* Circle */,
				D9F4BB621C0DFC8F00ADA3F4 /* CircleTests */,
			);
		};
/* End PBXProject section */

/* Begin PBXResourcesBuildPhase section */
		D9F4BB4C1C0DFC8F00ADA3F4 /* Resources */ = {
			isa = PBXResourcesBuildPhase;
			buildActionMask = 2147483647;
			files = (
				D28232761C16E9D30003DBA1 /* bower_components in Resources */,
				D9F4BB591C0DFC8F00ADA3F4 /* Main.storyboard in Resources */,
				D28232751C16E9D30003DBA1 /* assets in Resources */,
				D28232771C16E9D30003DBA1 /* index.html in Resources */,
				D28232781C16E9D30003DBA1 /* index.js in Resources */,
				D9F4BB5E1C0DFC8F00ADA3F4 /* LaunchScreen.xib in Resources */,
				D9F4BB5B1C0DFC8F00ADA3F4 /* Images.xcassets in Resources */,
			);
			runOnlyForDeploymentPostprocessing = 0;
		};
		D9F4BB611C0DFC8F00ADA3F4 /* Resources */ = {
			isa = PBXResourcesBuildPhase;
			buildActionMask = 2147483647;
			files = (
			);
			runOnlyForDeploymentPostprocessing = 0;
		};
/* End PBXResourcesBuildPhase section */

/* Begin PBXSourcesBuildPhase section */
		D9F4BB4A1C0DFC8F00ADA3F4 /* Sources */ = {
			isa = PBXSourcesBuildPhase;
			buildActionMask = 2147483647;
			files = (
				D9F4BB561C0DFC8F00ADA3F4 /* ViewController.swift in Sources */,
				D9F4BB541C0DFC8F00ADA3F4 /* AppDelegate.swift in Sources */,
			);
			runOnlyForDeploymentPostprocessing = 0;
		};
		D9F4BB5F1C0DFC8F00ADA3F4 /* Sources */ = {
			isa = PBXSourcesBuildPhase;
			buildActionMask = 2147483647;
			files = (
				D9F4BB6A1C0DFC8F00ADA3F4 /* game_circleTests.swift in Sources */,
			);
			runOnlyForDeploymentPostprocessing = 0;
		};
/* End PBXSourcesBuildPhase section */

/* Begin PBXTargetDependency section */
		D9F4BB651C0DFC8F00ADA3F4 /* PBXTargetDependency */ = {
			isa = PBXTargetDependency;
			target = D9F4BB4D1C0DFC8F00ADA3F4 /* Circle */;
			targetProxy = D9F4BB641C0DFC8F00ADA3F4 /* PBXContainerItemProxy */;
		};
/* End PBXTargetDependency section */

/* Begin PBXVariantGroup section */
		D9F4BB571C0DFC8F00ADA3F4 /* Main.storyboard */ = {
			isa = PBXVariantGroup;
			children = (
				D9F4BB581C0DFC8F00ADA3F4 /* Base */,
			);
			name = Main.storyboard;
			sourceTree = "<group>";
		};
		D9F4BB5C1C0DFC8F00ADA3F4 /* LaunchScreen.xib */ = {
			isa = PBXVariantGroup;
			children = (
				D9F4BB5D1C0DFC8F00ADA3F4 /* Base */,
			);
			name = LaunchScreen.xib;
			sourceTree = "<group>";
		};
/* End PBXVariantGroup section */

/* Begin XCBuildConfiguration section */
		D9F4BB6B1C0DFC8F00ADA3F4 /* Debug */ = {
			isa = XCBuildConfiguration;
			buildSettings = {
				ALWAYS_SEARCH_USER_PATHS = NO;
				CLANG_CXX_LANGUAGE_STANDARD = "gnu++0x";
				CLANG_CXX_LIBRARY = "libc++";
				CLANG_ENABLE_MODULES = YES;
				CLANG_ENABLE_OBJC_ARC = YES;
				CLANG_WARN_BOOL_CONVERSION = YES;
				CLANG_WARN_CONSTANT_CONVERSION = YES;
				CLANG_WARN_DIRECT_OBJC_ISA_USAGE = YES_ERROR;
				CLANG_WARN_EMPTY_BODY = YES;
				CLANG_WARN_ENUM_CONVERSION = YES;
				CLANG_WARN_INT_CONVERSION = YES;
				CLANG_WARN_OBJC_ROOT_CLASS = YES_ERROR;
				CLANG_WARN_UNREACHABLE_CODE = YES;
				CLANG_WARN__DUPLICATE_METHOD_MATCH = YES;
				"CODE_SIGN_IDENTITY[sdk=iphoneos*]" = "iPhone Developer";
				COPY_PHASE_STRIP = NO;
				DEBUG_INFORMATION_FORMAT = "dwarf-with-dsym";
				ENABLE_STRICT_OBJC_MSGSEND = YES;
				GCC_C_LANGUAGE_STANDARD = gnu99;
				GCC_DYNAMIC_NO_PIC = NO;
				GCC_NO_COMMON_BLOCKS = YES;
				GCC_OPTIMIZATION_LEVEL = 0;
				GCC_PREPROCESSOR_DEFINITIONS = (
					"DEBUG=1",
					"$(inherited)",
				);
				GCC_SYMBOLS_PRIVATE_EXTERN = NO;
				GCC_WARN_64_TO_32_BIT_CONVERSION = YES;
				GCC_WARN_ABOUT_RETURN_TYPE = YES_ERROR;
				GCC_WARN_UNDECLARED_SELECTOR = YES;
				GCC_WARN_UNINITIALIZED_AUTOS = YES_AGGRESSIVE;
				GCC_WARN_UNUSED_FUNCTION = YES;
				GCC_WARN_UNUSED_VARIABLE = YES;
				IPHONEOS_DEPLOYMENT_TARGET = 8.4;
				MTL_ENABLE_DEBUG_INFO = YES;
				ONLY_ACTIVE_ARCH = YES;
				SDKROOT = iphoneos;
				SWIFT_OPTIMIZATION_LEVEL = "-Onone";
				TARGETED_DEVICE_FAMILY = "1,2";
			};
			name = Debug;
		};
		D9F4BB6C1C0DFC8F00ADA3F4 /* Release */ = {
			isa = XCBuildConfiguration;
			buildSettings = {
				ALWAYS_SEARCH_USER_PATHS = NO;
				CLANG_CXX_LANGUAGE_STANDARD = "gnu++0x";
				CLANG_CXX_LIBRARY = "libc++";
				CLANG_ENABLE_MODULES = YES;
				CLANG_ENABLE_OBJC_ARC = YES;
				CLANG_WARN_BOOL_CONVERSION = YES;
				CLANG_WARN_CONSTANT_CONVERSION = YES;
				CLANG_WARN_DIRECT_OBJC_ISA_USAGE = YES_ERROR;
				CLANG_WARN_EMPTY_BODY = YES;
				CLANG_WARN_ENUM_CONVERSION = YES;
				CLANG_WARN_INT_CONVERSION = YES;
				CLANG_WARN_OBJC_ROOT_CLASS = YES_ERROR;
				CLANG_WARN_UNREACHABLE_CODE = YES;
				CLANG_WARN__DUPLICATE_METHOD_MATCH = YES;
				"CODE_SIGN_IDENTITY[sdk=iphoneos*]" = "iPhone Developer";
				COPY_PHASE_STRIP = NO;
				DEBUG_INFORMATION_FORMAT = "dwarf-with-dsym";
				ENABLE_NS_ASSERTIONS = NO;
				ENABLE_STRICT_OBJC_MSGSEND = YES;
				GCC_C_LANGUAGE_STANDARD = gnu99;
				GCC_NO_COMMON_BLOCKS = YES;
				GCC_WARN_64_TO_32_BIT_CONVERSION = YES;
				GCC_WARN_ABOUT_RETURN_TYPE = YES_ERROR;
				GCC_WARN_UNDECLARED_SELECTOR = YES;
				GCC_WARN_UNINITIALIZED_AUTOS = YES_AGGRESSIVE;
				GCC_WARN_UNUSED_FUNCTION = YES;
				GCC_WARN_UNUSED_VARIABLE = YES;
				IPHONEOS_DEPLOYMENT_TARGET = 8.4;
				MTL_ENABLE_DEBUG_INFO = NO;
				SDKROOT = iphoneos;
				TARGETED_DEVICE_FAMILY = "1,2";
				VALIDATE_PRODUCT = YES;
			};
			name = Release;
		};
		D9F4BB6E1C0DFC8F00ADA3F4 /* Debug */ = {
			isa = XCBuildConfiguration;
			buildSettings = {
				ASSETCATALOG_COMPILER_APPICON_NAME = AppIcon;
				CODE_SIGN_IDENTITY = "iPhone Developer";
				"CODE_SIGN_IDENTITY[sdk=iphoneos*]" = "iPhone Developer";
				INFOPLIST_FILE = "game-circle/Info.plist";
				LD_RUNPATH_SEARCH_PATHS = "$(inherited) @executable_path/Frameworks";
				PRODUCT_NAME = Circle;
				PROVISIONING_PROFILE = "";
			};
			name = Debug;
		};
		D9F4BB6F1C0DFC8F00ADA3F4 /* Release */ = {
			isa = XCBuildConfiguration;
			buildSettings = {
				ASSETCATALOG_COMPILER_APPICON_NAME = AppIcon;
				CODE_SIGN_IDENTITY = "iPhone Developer";
				"CODE_SIGN_IDENTITY[sdk=iphoneos*]" = "iPhone Developer";
				INFOPLIST_FILE = "game-circle/Info.plist";
				LD_RUNPATH_SEARCH_PATHS = "$(inherited) @executable_path/Frameworks";
				PRODUCT_NAME = Circle;
				PROVISIONING_PROFILE = "";
			};
			name = Release;
		};
		D9F4BB711C0DFC8F00ADA3F4 /* Debug */ = {
			isa = XCBuildConfiguration;
			buildSettings = {
				BUNDLE_LOADER = "$(TEST_HOST)";
				FRAMEWORK_SEARCH_PATHS = (
					"$(SDKROOT)/Developer/Library/Frameworks",
					"$(inherited)",
				);
				GCC_PREPROCESSOR_DEFINITIONS = (
					"DEBUG=1",
					"$(inherited)",
				);
				INFOPLIST_FILE = "game-circleTests/Info.plist";
				LD_RUNPATH_SEARCH_PATHS = "$(inherited) @executable_path/Frameworks @loader_path/Frameworks";
				PRODUCT_NAME = Circle;
				TEST_HOST = "$(BUILT_PRODUCTS_DIR)/Circle.app/Circle";
			};
			name = Debug;
		};
		D9F4BB721C0DFC8F00ADA3F4 /* Release */ = {
			isa = XCBuildConfiguration;
			buildSettings = {
				BUNDLE_LOADER = "$(TEST_HOST)";
				FRAMEWORK_SEARCH_PATHS = (
					"$(SDKROOT)/Developer/Library/Frameworks",
					"$(inherited)",
				);
				INFOPLIST_FILE = "game-circleTests/Info.plist";
				LD_RUNPATH_SEARCH_PATHS = "$(inherited) @executable_path/Frameworks @loader_path/Frameworks";
				PRODUCT_NAME = Circle;
				TEST_HOST = "$(BUILT_PRODUCTS_DIR)/Circle.app/Circle";
			};
			name = Release;
		};
/* End XCBuildConfiguration section */

/* Begin XCConfigurationList section */
		D9F4BB491C0DFC8F00ADA3F4 /* Build configuration list for PBXProject "Circle" */ = {
			isa = XCConfigurationList;
			buildConfigurations = (
				D9F4BB6B1C0DFC8F00ADA3F4 /* Debug */,
				D9F4BB6C1C0DFC8F00ADA3F4 /* Release */,
			);
			defaultConfigurationIsVisible = 0;
			defaultConfigurationName = Release;
		};
		D9F4BB6D1C0DFC8F00ADA3F4 /* Build configuration list for PBXNativeTarget "Circle" */ = {
			isa = XCConfigurationList;
			buildConfigurations = (
				D9F4BB6E1C0DFC8F00ADA3F4 /* Debug */,
				D9F4BB6F1C0DFC8F00ADA3F4 /* Release */,
			);
			defaultConfigurationIsVisible = 0;
			defaultConfigurationName = Release;
		};
		D9F4BB701C0DFC8F00ADA3F4 /* Build configuration list for PBXNativeTarget "CircleTests" */ = {
			isa = XCConfigurationList;
			buildConfigurations = (
				D9F4BB711C0DFC8F00ADA3F4 /* Debug */,
				D9F4BB721C0DFC8F00ADA3F4 /* Release */,
			);
			defaultConfigurationIsVisible = 0;
			defaultConfigurationName = Release;
		};
/* End XCConfigurationList section */
	};
	rootObject = D9F4BB461C0DFC8F00ADA3F4 /* Project object */;
}
